
Microsoft Visual Studio Solution File, Format Version 12.00
# Visual Studio Version 16
VisualStudioVersion = 16.0.32929.386
MinimumVisualStudioVersion = 10.0.40219.1
Project("{FAE04EC0-301F-11D3-BF4B-00C04F79EFBC}") = "PMISAppLayer", "PMISAppLayer\PMISAppLayer.csproj", "{CD6B956A-2084-4FC9-AD62-1144C0FFFDF3}"
EndProject
Project("{FAE04EC0-301F-11D3-BF4B-00C04F79EFBC}") = "PMISBLayer", "PMISBLayer\PMISBLayer.csproj", "{B81154CD-E4A5-4472-ABC2-A5711D5F469F}"
EndProject
Global
	GlobalSection(SolutionConfigurationPlatforms) = preSolution
		Debug|Any CPU = Debug|Any CPU
		Release|Any CPU = Release|Any CPU
	EndGlobalSection
	GlobalSection(ProjectConfigurationPlatforms) = postSolution
		{CD6B956A-2084-4FC9-AD62-1144C0FFFDF3}.Debug|Any CPU.ActiveCfg = Debug|Any CPU
		{CD6B956A-2084-4FC9-AD62-1144C0FFFDF3}.Debug|Any CPU.Build.0 = Debug|Any CPU
		{CD6B956A-2084-4FC9-AD62-1144C0FFFDF3}.Release|Any CPU.ActiveCfg = Release|Any CPU
		{CD6B956A-2084-4FC9-AD62-1144C0FFFDF3}.Release|Any CPU.Build.0 = Release|Any CPU
		{B81154CD-E4A5-4472-ABC2-A5711D5F469F}.Debug|Any CPU.ActiveCfg = Debug|Any CPU
		{B81154CD-E4A5-4472-ABC2-A5711D5F469F}.Debug|Any CPU.Build.0 = Debug|Any CPU
		{B81154CD-E4A5-4472-ABC2-A5711D5F469F}.Release|Any CPU.ActiveCfg = Release|Any CPU
		{B81154CD-E4A5-4472-ABC2-A5711D5F469F}.Release|Any CPU.Build.0 = Release|Any CPU
	EndGlobalSection
	GlobalSection(SolutionProperties) = preSolution
		HideSolutionNode = FALSE
	EndGlobalSection
	GlobalSection(ExtensibilityGlobals) = postSolution
		SolutionGuid = {87B16DF6-9F8D-4381-9A7A-B9DC2901EFC6}
	EndGlobalSection
EndGlobal
